
Microsoft Visual Studio Solution File, Format Version 12.00
# Visual Studio Version 16
VisualStudioVersion = 16.0.32126.315
MinimumVisualStudioVersion = 10.0.40219.1
Project("{FAE04EC0-301F-11D3-BF4B-00C04F79EFBC}") = "BaiSo2", "BaiSo2\BaiSo2.csproj", "{EBBEBCD9-7F34-4105-9823-274C66AAA5CF}"
EndProject
Global
	GlobalSection(SolutionConfigurationPlatforms) = preSolution
		Debug|Any CPU = Debug|Any CPU
		Release|Any CPU = Release|Any CPU
	EndGlobalSection
	GlobalSection(ProjectConfigurationPlatforms) = postSolution
		{EBBEBCD9-7F34-4105-9823-274C66AAA5CF}.Debug|Any CPU.ActiveCfg = Debug|Any CPU
		{EBBEBCD9-7F34-4105-9823-274C66AAA5CF}.Debug|Any CPU.Build.0 = Debug|Any CPU
		{EBBEBCD9-7F34-4105-9823-274C66AAA5CF}.Release|Any CPU.ActiveCfg = Release|Any CPU
		{EBBEBCD9-7F34-4105-9823-274C66AAA5CF}.Release|Any CPU.Build.0 = Release|Any CPU
	EndGlobalSection
	GlobalSection(SolutionProperties) = preSolution
		HideSolutionNode = FALSE
	EndGlobalSection
	GlobalSection(ExtensibilityGlobals) = postSolution
		SolutionGuid = {678D7E0B-4952-4CC1-950F-265B88D31F45}
	EndGlobalSection
EndGlobal
