
Microsoft Visual Studio Solution File, Format Version 12.00
# Visual Studio Version 16
VisualStudioVersion = 16.0.32126.315
MinimumVisualStudioVersion = 10.0.40219.1
Project("{FAE04EC0-301F-11D3-BF4B-00C04F79EFBC}") = "BaiSo1", "BaiSo1\BaiSo1.csproj", "{4359790B-C5EF-4E3A-A2D2-E83CC4455491}"
EndProject
Global
	GlobalSection(SolutionConfigurationPlatforms) = preSolution
		Debug|Any CPU = Debug|Any CPU
		Release|Any CPU = Release|Any CPU
	EndGlobalSection
	GlobalSection(ProjectConfigurationPlatforms) = postSolution
		{4359790B-C5EF-4E3A-A2D2-E83CC4455491}.Debug|Any CPU.ActiveCfg = Debug|Any CPU
		{4359790B-C5EF-4E3A-A2D2-E83CC4455491}.Debug|Any CPU.Build.0 = Debug|Any CPU
		{4359790B-C5EF-4E3A-A2D2-E83CC4455491}.Release|Any CPU.ActiveCfg = Release|Any CPU
		{4359790B-C5EF-4E3A-A2D2-E83CC4455491}.Release|Any CPU.Build.0 = Release|Any CPU
	EndGlobalSection
	GlobalSection(SolutionProperties) = preSolution
		HideSolutionNode = FALSE
	EndGlobalSection
	GlobalSection(ExtensibilityGlobals) = postSolution
		SolutionGuid = {D9971BEB-3276-4557-893B-E54749150F56}
	EndGlobalSection
EndGlobal
